
Microsoft Visual Studio Solution File, Format Version 12.00
# Visual Studio Version 16
VisualStudioVersion = 16.0.29102.190
MinimumVisualStudioVersion = 10.0.40219.1
Project("{FAE04EC0-301F-11D3-BF4B-00C04F79EFBC}") = "PurlGenerator", "PurlGenerator\PurlGenerator.csproj", "{FAF8A8ED-EC57-4517-A10C-2013FF127C66}"
EndProject
Global
	GlobalSection(SolutionConfigurationPlatforms) = preSolution
		Debug|Any CPU = Debug|Any CPU
		Release|Any CPU = Release|Any CPU
	EndGlobalSection
	GlobalSection(ProjectConfigurationPlatforms) = postSolution
		{FAF8A8ED-EC57-4517-A10C-2013FF127C66}.Debug|Any CPU.ActiveCfg = Debug|Any CPU
		{FAF8A8ED-EC57-4517-A10C-2013FF127C66}.Debug|Any CPU.Build.0 = Debug|Any CPU
		{FAF8A8ED-EC57-4517-A10C-2013FF127C66}.Release|Any CPU.ActiveCfg = Release|Any CPU
		{FAF8A8ED-EC57-4517-A10C-2013FF127C66}.Release|Any CPU.Build.0 = Release|Any CPU
	EndGlobalSection
	GlobalSection(SolutionProperties) = preSolution
		HideSolutionNode = FALSE
	EndGlobalSection
	GlobalSection(ExtensibilityGlobals) = postSolution
		SolutionGuid = {B7883C3D-53D7-4BB5-B256-28062F83CAF9}
	EndGlobalSection
EndGlobal
